{
  "name": "@writetome51/get-sum-from-property",
  "version": "1.0.0",
  "lockfileVersion": 1,
  "requires": true,
  "dependencies": {
    "@writetome51/get-array-from-property": {
      "version": "1.1.1",
      "resolved": "https://registry.npmjs.org/@writetome51/get-array-from-property/-/get-array-from-property-1.1.1.tgz",
      "integrity": "sha512-3KefvrpCrAwGbOlytOl+mp2q6OSyYVEyIDT7Q6jEREtQ8MQ3dNP28pN6zoX7yxAwjubO1+XYs65o3jH/DxDQtw==",
      "requires": {
        "@writetome51/get-property": "~1.0.2",
        "error-if-not-populated-array": "~1.0.1"
      }
    },
    "@writetome51/get-property": {
      "version": "1.0.2",
      "resolved": "https://registry.npmjs.org/@writetome51/get-property/-/get-property-1.0.2.tgz",
      "integrity": "sha512-GLAenqO9Yp2U/4WhMKm22p441USSp7laSj5lZTBD9zaHA9DQex42xOGOTCuJB24cYYn9/tAg7PPaLkbQ2uzdrA==",
      "requires": {
        "basic-data-handling": "~1.0.15"
      }
    },
    "@writetome51/get-sum-average-product": {
      "version": "1.0.5",
      "resolved": "https://registry.npmjs.org/@writetome51/get-sum-average-product/-/get-sum-average-product-1.0.5.tgz",
      "integrity": "sha512-+R714ufiUFym5P3C6/sJy2LYLAhSwC7Q9v3Vl4vO/nVvC0xW4daX+jCkYQ8jTU6HutTDvlfI8vqIfCiFoB2Ldw==",
      "requires": {
        "error-if-array-item-is-not-number": "~1.0.4",
        "error-if-not-populated-array": "~1.0.1"
      }
    },
    "@writetome51/not": {
      "version": "1.0.4",
      "resolved": "https://registry.npmjs.org/@writetome51/not/-/not-1.0.4.tgz",
      "integrity": "sha512-SLkliFCiR73ChN8LvhAwFJikxgjVrl7vFlIh280eXpHUPts2IUto20chm9SSO7NVDp9g45WW/5st1bz643VXzg=="
    },
    "basic-data-handling": {
      "version": "1.0.15",
      "resolved": "https://registry.npmjs.org/basic-data-handling/-/basic-data-handling-1.0.15.tgz",
      "integrity": "sha512-HyXRwPTfhKacukW4mMJl+3IsFC+5NzMr9flzp+XBJhHol0eAZzLxYqP7w3Cme3cziKcshzoO7Zf/9C+bewJWpA=="
    },
    "error-if-array-item-is-not-number": {
      "version": "1.0.4",
      "resolved": "https://registry.npmjs.org/error-if-array-item-is-not-number/-/error-if-array-item-is-not-number-1.0.4.tgz",
      "integrity": "sha512-DuEEqU8PaUEjx2jsBUQYo6HwR+XH5bil0A8lz3kO5ZkJ36jS/ufOX8w4jiiOgdqpmq1pAmm/moRD6Bk5nedEDQ==",
      "requires": {
        "@writetome51/not": "~1.0.3",
        "basic-data-handling": "~1.0.13"
      }
    },
    "error-if-not-populated-array": {
      "version": "1.0.1",
      "resolved": "https://registry.npmjs.org/error-if-not-populated-array/-/error-if-not-populated-array-1.0.1.tgz",
      "integrity": "sha512-XKN0WUVUNrDOsB1PuBRQJ4/tVOeFceioLm+QPOpCkQaZlD9vVYZf+pRrFIoiqzVno7bx7AI2lNIfMWf7gRarvg==",
      "requires": {
        "basic-data-handling": "~1.0.13"
      }
    }
  }
}
