{
  "name": "@writetome51/get-sum-from-property",
  "version": "1.0.0",
  "lockfileVersion": 1,
  "requires": true,
  "dependencies": {
    "@writetome51/get-array-from-property": {
      "version": "1.1.0",
      "resolved": "https://registry.npmjs.org/@writetome51/get-array-from-property/-/get-array-from-property-1.1.0.tgz",
      "integrity": "sha512-pwD0x0h8gpXcOA1Vxxi1Cp+qj/0oTSPWlzEQc3xAS/GMoQXJzlteukXyK1G3wu7/hRXxGv4W3kJlCj2kJwTIog==",
      "requires": {
        "@writetome51/get-property": "~1.0.1",
        "error-if-not-populated-array": "~1.0.1"
      }
    },
    "@writetome51/get-property": {
      "version": "1.0.1",
      "resolved": "https://registry.npmjs.org/@writetome51/get-property/-/get-property-1.0.1.tgz",
      "integrity": "sha512-mQoSd0sRIR3hSKZYx+lD3VvfLNpcUHRYrdROGwUctur0yA4tFWEIN0PXf7Ns4yT9rl9A44SwjMEYexS89U44eg==",
      "requires": {
        "basic-data-handling": "~1.0.13"
      }
    },
    "@writetome51/get-sum-average-product": {
      "version": "1.0.4",
      "resolved": "https://registry.npmjs.org/@writetome51/get-sum-average-product/-/get-sum-average-product-1.0.4.tgz",
      "integrity": "sha512-vuxwZ58WqsnFKFwFJ7NQr6ZlT2IVEK7dBF6x/Ej7/3XCqDgUl8+SU/RA4kN8CHgnlHJxy3LxgTmZOqTAAcAQuQ==",
      "requires": {
        "error-if-array-item-is-not-number": "~1.0.3",
        "error-if-not-populated-array": "~1.0.0"
      }
    },
    "@writetome51/not": {
      "version": "1.0.3",
      "resolved": "https://registry.npmjs.org/@writetome51/not/-/not-1.0.3.tgz",
      "integrity": "sha512-MJrh50byG0cBuqhrSRMYxGGmYr5BVb7T6OmFeqL8pFuNUFh/lUIXFXScsYM0jlVYmKDhnYJg+QZTOFvvCdzuRw=="
    },
    "basic-data-handling": {
      "version": "1.0.13",
      "resolved": "https://registry.npmjs.org/basic-data-handling/-/basic-data-handling-1.0.13.tgz",
      "integrity": "sha512-YRXUq0keESBb4XXzFAStPYJjviRx6CPPSzT/EfpMOLRfBrhnbBeKD2n+kfZyw2zvjreClf16xPF0tDjiLO+ogw=="
    },
    "error-if-array-item-is-not-number": {
      "version": "1.0.3",
      "resolved": "https://registry.npmjs.org/error-if-array-item-is-not-number/-/error-if-array-item-is-not-number-1.0.3.tgz",
      "integrity": "sha512-PCb1kVTA+P7cbos35gzBcAuToZaLMhVG/clZm1E0IeqosJbGYw+oj8vmPEWAwCYg/hGXQIoR1E/SPAJPwrOsKA==",
      "requires": {
        "@writetome51/not": "~1.0.3",
        "basic-data-handling": "~1.0.13"
      }
    },
    "error-if-not-populated-array": {
      "version": "1.0.1",
      "resolved": "https://registry.npmjs.org/error-if-not-populated-array/-/error-if-not-populated-array-1.0.1.tgz",
      "integrity": "sha512-XKN0WUVUNrDOsB1PuBRQJ4/tVOeFceioLm+QPOpCkQaZlD9vVYZf+pRrFIoiqzVno7bx7AI2lNIfMWf7gRarvg==",
      "requires": {
        "basic-data-handling": "~1.0.13"
      }
    }
  }
}
